
Microsoft Visual Studio Solution File, Format Version 12.00
# Visual Studio Version 16
VisualStudioVersion = 16.0.29613.14
MinimumVisualStudioVersion = 10.0.40219.1
Project("{FAE04EC0-301F-11D3-BF4B-00C04F79EFBC}") = "EFCoreDBFirst", "EFCoreDBFirst\EFCoreDBFirst.csproj", "{22554666-6B09-46A9-9872-479D8F98E8B3}"
EndProject
Project("{FAE04EC0-301F-11D3-BF4B-00C04F79EFBC}") = "DBFirstClient", "DBFirstClient\DBFirstClient.csproj", "{57F41B75-F5B7-4BB8-B063-0E0239484840}"
EndProject
Global
	GlobalSection(SolutionConfigurationPlatforms) = preSolution
		Debug|Any CPU = Debug|Any CPU
		Release|Any CPU = Release|Any CPU
	EndGlobalSection
	GlobalSection(ProjectConfigurationPlatforms) = postSolution
		{22554666-6B09-46A9-9872-479D8F98E8B3}.Debug|Any CPU.ActiveCfg = Debug|Any CPU
		{22554666-6B09-46A9-9872-479D8F98E8B3}.Debug|Any CPU.Build.0 = Debug|Any CPU
		{22554666-6B09-46A9-9872-479D8F98E8B3}.Release|Any CPU.ActiveCfg = Release|Any CPU
		{22554666-6B09-46A9-9872-479D8F98E8B3}.Release|Any CPU.Build.0 = Release|Any CPU
		{57F41B75-F5B7-4BB8-B063-0E0239484840}.Debug|Any CPU.ActiveCfg = Debug|Any CPU
		{57F41B75-F5B7-4BB8-B063-0E0239484840}.Debug|Any CPU.Build.0 = Debug|Any CPU
		{57F41B75-F5B7-4BB8-B063-0E0239484840}.Release|Any CPU.ActiveCfg = Release|Any CPU
		{57F41B75-F5B7-4BB8-B063-0E0239484840}.Release|Any CPU.Build.0 = Release|Any CPU
	EndGlobalSection
	GlobalSection(SolutionProperties) = preSolution
		HideSolutionNode = FALSE
	EndGlobalSection
	GlobalSection(ExtensibilityGlobals) = postSolution
		SolutionGuid = {4F533B50-E2DA-40CB-A5B0-799D5A336474}
	EndGlobalSection
EndGlobal
